
Microsoft Visual Studio Solution File, Format Version 12.00
# Visual Studio 2013
VisualStudioVersion = 12.0.21005.1
MinimumVisualStudioVersion = 10.0.40219.1
Project("{FAE04EC0-301F-11D3-BF4B-00C04F79EFBC}") = "StockDashboard", "StockDashboard\StockDashboard.csproj", "{F700D616-DE52-4CB9-AE15-AEB67002B817}"
EndProject
Project("{FAE04EC0-301F-11D3-BF4B-00C04F79EFBC}") = "StockDashboard.Core", "StockDashboard.Core\StockDashboard.Core.csproj", "{B8674038-5A29-4B03-8493-0BCC75CC96B9}"
EndProject
Project("{FAE04EC0-301F-11D3-BF4B-00C04F79EFBC}") = "StockDashboard.Data", "StockDashboard.Data\StockDashboard.Data.csproj", "{6C95CE1E-4AA2-4B57-861D-966D6B0006F1}"
EndProject
Project("{FAE04EC0-301F-11D3-BF4B-00C04F79EFBC}") = "StockDashboard.Data.Tests", "StockDashboard.Data.Tests\StockDashboard.Data.Tests.csproj", "{70A8DE18-F77F-4455-92D9-894E1E6411EF}"
EndProject
Global
	GlobalSection(SolutionConfigurationPlatforms) = preSolution
		Debug|Any CPU = Debug|Any CPU
		Release|Any CPU = Release|Any CPU
	EndGlobalSection
	GlobalSection(ProjectConfigurationPlatforms) = postSolution
		{F700D616-DE52-4CB9-AE15-AEB67002B817}.Debug|Any CPU.ActiveCfg = Debug|Any CPU
		{F700D616-DE52-4CB9-AE15-AEB67002B817}.Debug|Any CPU.Build.0 = Debug|Any CPU
		{F700D616-DE52-4CB9-AE15-AEB67002B817}.Release|Any CPU.ActiveCfg = Release|Any CPU
		{F700D616-DE52-4CB9-AE15-AEB67002B817}.Release|Any CPU.Build.0 = Release|Any CPU
		{B8674038-5A29-4B03-8493-0BCC75CC96B9}.Debug|Any CPU.ActiveCfg = Debug|Any CPU
		{B8674038-5A29-4B03-8493-0BCC75CC96B9}.Debug|Any CPU.Build.0 = Debug|Any CPU
		{B8674038-5A29-4B03-8493-0BCC75CC96B9}.Release|Any CPU.ActiveCfg = Release|Any CPU
		{B8674038-5A29-4B03-8493-0BCC75CC96B9}.Release|Any CPU.Build.0 = Release|Any CPU
		{6C95CE1E-4AA2-4B57-861D-966D6B0006F1}.Debug|Any CPU.ActiveCfg = Debug|Any CPU
		{6C95CE1E-4AA2-4B57-861D-966D6B0006F1}.Debug|Any CPU.Build.0 = Debug|Any CPU
		{6C95CE1E-4AA2-4B57-861D-966D6B0006F1}.Release|Any CPU.ActiveCfg = Release|Any CPU
		{6C95CE1E-4AA2-4B57-861D-966D6B0006F1}.Release|Any CPU.Build.0 = Release|Any CPU
		{70A8DE18-F77F-4455-92D9-894E1E6411EF}.Debug|Any CPU.ActiveCfg = Debug|Any CPU
		{70A8DE18-F77F-4455-92D9-894E1E6411EF}.Debug|Any CPU.Build.0 = Debug|Any CPU
		{70A8DE18-F77F-4455-92D9-894E1E6411EF}.Release|Any CPU.ActiveCfg = Release|Any CPU
		{70A8DE18-F77F-4455-92D9-894E1E6411EF}.Release|Any CPU.Build.0 = Release|Any CPU
	EndGlobalSection
	GlobalSection(SolutionProperties) = preSolution
		HideSolutionNode = FALSE
	EndGlobalSection
EndGlobal
